<?xml version="1.0" encoding="utf-8"?>
<Project ToolsVersion="4.0" xmlns="http://schemas.microsoft.com/developer/msbuild/2003">
  <ItemGroup>
    <Filter Include="Quelldateien">
      <UniqueIdentifier>{4FC737F1-C7A5-4376-A066-2A32D752A2FF}</UniqueIdentifier>
      <Extensions>cpp;c;cc;cxx;def;odl;idl;hpj;bat;asm;asmx</Extensions>
    </Filter>
    <Filter Include="Headerdateien">
      <UniqueIdentifier>{93995380-89BD-4b04-88EB-625FBE52EBFB}</UniqueIdentifier>
      <Extensions>h;hpp;hxx;hm;inl;inc;xsd</Extensions>
    </Filter>
    <Filter Include="Ressourcendateien">
      <UniqueIdentifier>{67DA6AB6-F800-4c08-8B7A-83BB121AAD01}</UniqueIdentifier>
      <Extensions>rc;ico;cur;bmp;dlg;rc2;rct;bin;rgs;gif;jpg;jpeg;jpe;resx;tiff;tif;png;wav;mfcribbon-ms</Extensions>
    </Filter>
    <Filter Include="Ressourcendateien\config">
      <UniqueIdentifier>{f150d8bf-af96-4dd6-8068-fd9698327264}</UniqueIdentifier>
    </Filter>
    <Filter Include="Ressourcendateien\config\graphics">
      <UniqueIdentifier>{199be56f-4db3-407c-ab54-3cc956adaadb}</UniqueIdentifier>
    </Filter>
    <Filter Include="Ressourcendateien\config\physics">
      <UniqueIdentifier>{07b67b72-a102-4c98-994a-949c6937e816}</UniqueIdentifier>
    </Filter>
    <Filter Include="Ressourcendateien\config\input">
      <UniqueIdentifier>{f0b661a6-98b7-4aa1-9dea-a390fa66ca34}</UniqueIdentifier>
    </Filter>
    <Filter Include="Ressourcendateien\config\audio">
      <UniqueIdentifier>{5d04ff38-7f62-45b5-ab12-0ed35bad08c4}</UniqueIdentifier>
    </Filter>
    <Filter Include="Quelldateien\logic">
      <UniqueIdentifier>{ce88de98-dd17-4eb5-b1cf-e75ad5c45420}</UniqueIdentifier>
    </Filter>
    <Filter Include="Quelldateien\logic\objectclasses">
      <UniqueIdentifier>{00997536-71d3-4b3c-a64f-60404816023a}</UniqueIdentifier>
    </Filter>
    <Filter Include="Headerdateien\logic">
      <UniqueIdentifier>{c578d865-e3cb-47a8-9e63-6a92f29e1c00}</UniqueIdentifier>
    </Filter>
    <Filter Include="Headerdateien\logic\objectclasses">
      <UniqueIdentifier>{8b590ada-9ffa-4625-83cb-a9cd947d48d5}</UniqueIdentifier>
    </Filter>
  </ItemGroup>
  <ItemGroup>
    <ClCompile Include="Main.cpp">
      <Filter>Quelldateien</Filter>
    </ClCompile>
    <ClCompile Include="logic\objectclasses\GOUserControl.cpp">
      <Filter>Quelldateien\logic\objectclasses</Filter>
    </ClCompile>
    <ClCompile Include="logic\ZazenSquaresGOFactory.cpp">
      <Filter>Quelldateien\logic</Filter>
    </ClCompile>
  </ItemGroup>
  <ItemGroup>
    <None Include="..\media\config.xml">
      <Filter>Ressourcendateien\config</Filter>
    </None>
    <None Include="..\media\graphics\config.xml">
      <Filter>Ressourcendateien\config\graphics</Filter>
    </None>
    <None Include="..\media\physics\config.xml">
      <Filter>Ressourcendateien\config\physics</Filter>
    </None>
    <None Include="..\media\input\config.xml">
      <Filter>Ressourcendateien\config\input</Filter>
    </None>
    <None Include="..\media\audio\config.xml">
      <Filter>Ressourcendateien\config\audio</Filter>
    </None>
  </ItemGroup>
  <ItemGroup>
    <ClInclude Include="logic\objectclasses\GOUserControl.h">
      <Filter>Headerdateien\logic\objectclasses</Filter>
    </ClInclude>
    <ClInclude Include="logic\ZazenSquaresGOFactory.h">
      <Filter>Headerdateien\logic</Filter>
    </ClInclude>
  </ItemGroup>
</Project>