<?xml version="1.0" encoding="utf-8"?>
<Project ToolsVersion="4.0" xmlns="http://schemas.microsoft.com/developer/msbuild/2003">
  <ItemGroup>
    <Filter Include="Quelldateien">
      <UniqueIdentifier>{4FC737F1-C7A5-4376-A066-2A32D752A2FF}</UniqueIdentifier>
      <Extensions>cpp;c;cc;cxx;def;odl;idl;hpj;bat;asm;asmx</Extensions>
    </Filter>
    <Filter Include="Headerdateien">
      <UniqueIdentifier>{93995380-89BD-4b04-88EB-625FBE52EBFB}</UniqueIdentifier>
      <Extensions>h;hpp;hxx;hm;inl;inc;xsd</Extensions>
    </Filter>
    <Filter Include="Ressourcendateien">
      <UniqueIdentifier>{67DA6AB6-F800-4c08-8B7A-83BB121AAD01}</UniqueIdentifier>
      <Extensions>rc;ico;cur;bmp;dlg;rc2;rct;bin;rgs;gif;jpg;jpeg;jpe;resx;tiff;tif;png;wav;mfcribbon-ms</Extensions>
    </Filter>
    <Filter Include="Quelldateien\logic">
      <UniqueIdentifier>{ce88de98-dd17-4eb5-b1cf-e75ad5c45420}</UniqueIdentifier>
    </Filter>
    <Filter Include="Quelldateien\logic\objectclasses">
      <UniqueIdentifier>{00997536-71d3-4b3c-a64f-60404816023a}</UniqueIdentifier>
    </Filter>
    <Filter Include="Headerdateien\logic">
      <UniqueIdentifier>{c578d865-e3cb-47a8-9e63-6a92f29e1c00}</UniqueIdentifier>
    </Filter>
    <Filter Include="Headerdateien\logic\objectclasses">
      <UniqueIdentifier>{8b590ada-9ffa-4625-83cb-a9cd947d48d5}</UniqueIdentifier>
    </Filter>
    <Filter Include="Ressourcendateien\Config">
      <UniqueIdentifier>{859e3d9d-a5d1-450c-9413-197f1b2f5956}</UniqueIdentifier>
    </Filter>
    <Filter Include="Ressourcendateien\Media">
      <UniqueIdentifier>{f3679253-49eb-43b1-9540-b74a011d2376}</UniqueIdentifier>
    </Filter>
    <Filter Include="Ressourcendateien\Media\Materials">
      <UniqueIdentifier>{82fc5e62-f0db-4226-b36a-1975da1c3efb}</UniqueIdentifier>
    </Filter>
    <Filter Include="Ressourcendateien\Pipeline">
      <UniqueIdentifier>{7c565b79-c040-46b8-889c-1b821350e595}</UniqueIdentifier>
    </Filter>
    <Filter Include="Ressourcendateien\Pipeline\DR">
      <UniqueIdentifier>{babe097e-b0f4-4952-ad26-33cf3a48296b}</UniqueIdentifier>
    </Filter>
    <Filter Include="Ressourcendateien\Pipeline\DR\Stages">
      <UniqueIdentifier>{9233842b-2926-483d-9463-4b7039798d74}</UniqueIdentifier>
    </Filter>
    <Filter Include="Ressourcendateien\Pipeline\DR\Stages\Geom">
      <UniqueIdentifier>{dd5c2000-4012-4753-b83a-747ca082d40a}</UniqueIdentifier>
    </Filter>
    <Filter Include="Ressourcendateien\Pipeline\DR\Stages\Light">
      <UniqueIdentifier>{b29fed0b-01a2-42c4-9d8d-f9a57b684923}</UniqueIdentifier>
    </Filter>
  </ItemGroup>
  <ItemGroup>
    <ClCompile Include="Main.cpp">
      <Filter>Quelldateien</Filter>
    </ClCompile>
    <ClCompile Include="logic\objectclasses\GOUserControl.cpp">
      <Filter>Quelldateien\logic\objectclasses</Filter>
    </ClCompile>
    <ClCompile Include="logic\ZazenSquaresGOFactory.cpp">
      <Filter>Quelldateien\logic</Filter>
    </ClCompile>
  </ItemGroup>
  <ItemGroup>
    <ClInclude Include="logic\objectclasses\GOUserControl.h">
      <Filter>Headerdateien\logic\objectclasses</Filter>
    </ClInclude>
    <ClInclude Include="logic\ZazenSquaresGOFactory.h">
      <Filter>Headerdateien\logic</Filter>
    </ClInclude>
  </ItemGroup>
  <ItemGroup>
    <None Include="..\config\config.xml">
      <Filter>Ressourcendateien\Config</Filter>
    </None>
    <None Include="..\media\materials\materials.xml">
      <Filter>Ressourcendateien\Media\Materials</Filter>
    </None>
    <None Include="..\pipeline\dr\stages\geom\geomFrag.glsl">
      <Filter>Ressourcendateien\Pipeline\DR\Stages\Geom</Filter>
    </None>
    <None Include="..\pipeline\dr\stages\geom\geomVert.glsl">
      <Filter>Ressourcendateien\Pipeline\DR\Stages\Geom</Filter>
    </None>
    <None Include="..\pipeline\dr\stages\lighting\lightFrag.glsl">
      <Filter>Ressourcendateien\Pipeline\DR\Stages\Light</Filter>
    </None>
    <None Include="..\pipeline\dr\stages\lighting\lightVert.glsl">
      <Filter>Ressourcendateien\Pipeline\DR\Stages\Light</Filter>
    </None>
  </ItemGroup>
</Project>